core:changelogs:
  - content: "---\npackages:\n  \"@aryasaatvik/motel\":\n    type: patch\n---\n\n## Use stable Effect v4\n\nUpgrade the daemon, CLI, telemetry ingestion, and browser UI to stable Effect 4.0.0 and its matching integrations.\n"
    filename: effect-v4-stable.md
    v: 0.0.0
core:packages:
  - changelogIds:
      - effect-v4-stable.md
    id: npm:@aryasaatvik/motel
    updated: true
npm:packages:
  - id: npm:@aryasaatvik/motel
