core:changelogs:
  - content: "---\npackages:\n  \"@aryasaatvik/motel\":\n    type: patch\n---\n\n## Honor explicit services and normalize severity queries\n\nThe TUI now honors an explicitly configured service before restoring its remembered\nselection. Log searches match severity names regardless of ASCII casing, and severity\nstatistics and facets group those variants consistently while preserving stored log text.\nA matching index keeps case-insensitive severity searches efficient.\n"
    filename: 2026-09-07-upstream-maintenance.md
    v: 0.0.0
core:packages:
  - changelogIds:
      - 2026-09-07-upstream-maintenance.md
    id: npm:@aryasaatvik/motel
    updated: true
npm:packages:
  - id: npm:@aryasaatvik/motel
